
Microsoft Visual Studio Solution File, Format Version 12.00
# Visual Studio Version 17
VisualStudioVersion = 17.10.34928.147
MinimumVisualStudioVersion = 10.0.40219.1
Project("{FAE04EC0-301F-11D3-BF4B-00C04F79EFBC}") = "ChessProject", "ChessProject\ChessProject.csproj", "{0DDFB7A2-DEC3-4083-B43E-7F77EDED4424}"
EndProject
Global
	GlobalSection(SolutionConfigurationPlatforms) = preSolution
		Debug|Any CPU = Debug|Any CPU
		Release|Any CPU = Release|Any CPU
	EndGlobalSection
	GlobalSection(ProjectConfigurationPlatforms) = postSolution
		{0DDFB7A2-DEC3-4083-B43E-7F77EDED4424}.Debug|Any CPU.ActiveCfg = Debug|Any CPU
		{0DDFB7A2-DEC3-4083-B43E-7F77EDED4424}.Debug|Any CPU.Build.0 = Debug|Any CPU
		{0DDFB7A2-DEC3-4083-B43E-7F77EDED4424}.Release|Any CPU.ActiveCfg = Release|Any CPU
		{0DDFB7A2-DEC3-4083-B43E-7F77EDED4424}.Release|Any CPU.Build.0 = Release|Any CPU
	EndGlobalSection
	GlobalSection(SolutionProperties) = preSolution
		HideSolutionNode = FALSE
	EndGlobalSection
	GlobalSection(ExtensibilityGlobals) = postSolution
		SolutionGuid = {B785BC9F-B85A-4BCA-A628-C9A1296EDAB4}
	EndGlobalSection
EndGlobal
